
Microsoft Visual Studio Solution File, Format Version 12.00
# Visual Studio 2013
VisualStudioVersion = 12.0.40629.0
MinimumVisualStudioVersion = 10.0.40219.1
Project("{FAE04EC0-301F-11D3-BF4B-00C04F79EFBC}") = "Account Test", "Account Test\Account Test.csproj", "{F0FE7A5D-3C55-4A73-A826-77842CCE8090}"
EndProject
Project("{FAE04EC0-301F-11D3-BF4B-00C04F79EFBC}") = "Banking Model", "Banking Model\Banking Model.csproj", "{384F161C-F830-4284-BDC6-E466B8000223}"
EndProject
Global
	GlobalSection(SolutionConfigurationPlatforms) = preSolution
		Debug|Any CPU = Debug|Any CPU
		Release|Any CPU = Release|Any CPU
	EndGlobalSection
	GlobalSection(ProjectConfigurationPlatforms) = postSolution
		{F0FE7A5D-3C55-4A73-A826-77842CCE8090}.Debug|Any CPU.ActiveCfg = Debug|Any CPU
		{F0FE7A5D-3C55-4A73-A826-77842CCE8090}.Debug|Any CPU.Build.0 = Debug|Any CPU
		{F0FE7A5D-3C55-4A73-A826-77842CCE8090}.Release|Any CPU.ActiveCfg = Release|Any CPU
		{F0FE7A5D-3C55-4A73-A826-77842CCE8090}.Release|Any CPU.Build.0 = Release|Any CPU
		{384F161C-F830-4284-BDC6-E466B8000223}.Debug|Any CPU.ActiveCfg = Debug|Any CPU
		{384F161C-F830-4284-BDC6-E466B8000223}.Debug|Any CPU.Build.0 = Debug|Any CPU
		{384F161C-F830-4284-BDC6-E466B8000223}.Release|Any CPU.ActiveCfg = Release|Any CPU
		{384F161C-F830-4284-BDC6-E466B8000223}.Release|Any CPU.Build.0 = Release|Any CPU
	EndGlobalSection
	GlobalSection(SolutionProperties) = preSolution
		HideSolutionNode = FALSE
	EndGlobalSection
EndGlobal
